// !$*UTF8*$!
{
	archiveVersion = 1;
	classes = {
	};
	objectVersion = 46;
	objects = {

/* Begin PBXBuildFile section */
		D2401C23F3750BD30F3E6559 /* Pods_DopaAppTask.framework in Frameworks */ = {isa = PBXBuildFile; fileRef = D84525FAEFA8A9B1EA0833A4 /* Pods_DopaAppTask.framework */; };
		FA6284531F3F429E00A2964C /* AppDelegate.swift in Sources */ = {isa = PBXBuildFile; fileRef = FA6284521F3F429E00A2964C /* AppDelegate.swift */; };
		FA6284581F3F429E00A2964C /* Main.storyboard in Resources */ = {isa = PBXBuildFile; fileRef = FA6284561F3F429E00A2964C /* Main.storyboard */; };
		FA62845A1F3F429E00A2964C /* Assets.xcassets in Resources */ = {isa = PBXBuildFile; fileRef = FA6284591F3F429E00A2964C /* Assets.xcassets */; };
		FA62845D1F3F429E00A2964C /* LaunchScreen.storyboard in Resources */ = {isa = PBXBuildFile; fileRef = FA62845B1F3F429E00A2964C /* LaunchScreen.storyboard */; };
		FAC17B481F3F49AB00D4D29B /* NetworkManager.swift in Sources */ = {isa = PBXBuildFile; fileRef = FAC17B471F3F49AB00D4D29B /* NetworkManager.swift */; };
		FAC17B4A1F3F54CB00D4D29B /* GetBrandsResponseModel.swift in Sources */ = {isa = PBXBuildFile; fileRef = FAC17B491F3F54CB00D4D29B /* GetBrandsResponseModel.swift */; };
		FAC17B4C1F3F54E200D4D29B /* BrandModel.swift in Sources */ = {isa = PBXBuildFile; fileRef = FAC17B4B1F3F54E200D4D29B /* BrandModel.swift */; };
		FAC17B531F3FAE2000D4D29B /* BrandsTableViewCell.swift in Sources */ = {isa = PBXBuildFile; fileRef = FAC17B511F3FAE2000D4D29B /* BrandsTableViewCell.swift */; };
		FAC17B541F3FAE2000D4D29B /* BrandsTableViewCell.xib in Resources */ = {isa = PBXBuildFile; fileRef = FAC17B521F3FAE2000D4D29B /* BrandsTableViewCell.xib */; };
		FAC17B561F3FAE3C00D4D29B /* BrandsViewController.swift in Sources */ = {isa = PBXBuildFile; fileRef = FAC17B551F3FAE3C00D4D29B /* BrandsViewController.swift */; };
/* End PBXBuildFile section */

/* Begin PBXFileReference section */
		6EFEB608E8B11E11767F2DAC /* Pods-DopaAppTask.release.xcconfig */ = {isa = PBXFileReference; includeInIndex = 1; lastKnownFileType = text.xcconfig; name = "Pods-DopaAppTask.release.xcconfig"; path = "Pods/Target Support Files/Pods-DopaAppTask/Pods-DopaAppTask.release.xcconfig"; sourceTree = "<group>"; };
		AAFEC7BF9D38025964283667 /* Pods-DopaAppTask.debug.xcconfig */ = {isa = PBXFileReference; includeInIndex = 1; lastKnownFileType = text.xcconfig; name = "Pods-DopaAppTask.debug.xcconfig"; path = "Pods/Target Support Files/Pods-DopaAppTask/Pods-DopaAppTask.debug.xcconfig"; sourceTree = "<group>"; };
		D84525FAEFA8A9B1EA0833A4 /* Pods_DopaAppTask.framework */ = {isa = PBXFileReference; explicitFileType = wrapper.framework; includeInIndex = 0; path = Pods_DopaAppTask.framework; sourceTree = BUILT_PRODUCTS_DIR; };
		FA62844F1F3F429E00A2964C /* DopaAppTask.app */ = {isa = PBXFileReference; explicitFileType = wrapper.application; includeInIndex = 0; path = DopaAppTask.app; sourceTree = BUILT_PRODUCTS_DIR; };
		FA6284521F3F429E00A2964C /* AppDelegate.swift */ = {isa = PBXFileReference; lastKnownFileType = sourcecode.swift; path = AppDelegate.swift; sourceTree = "<group>"; };
		FA6284571F3F429E00A2964C /* Base */ = {isa = PBXFileReference; lastKnownFileType = file.storyboard; name = Base; path = Base.lproj/Main.storyboard; sourceTree = "<group>"; };
		FA6284591F3F429E00A2964C /* Assets.xcassets */ = {isa = PBXFileReference; lastKnownFileType = folder.assetcatalog; path = Assets.xcassets; sourceTree = "<group>"; };
		FA62845C1F3F429E00A2964C /* Base */ = {isa = PBXFileReference; lastKnownFileType = file.storyboard; name = Base; path = Base.lproj/LaunchScreen.storyboard; sourceTree = "<group>"; };
		FA62845E1F3F429E00A2964C /* Info.plist */ = {isa = PBXFileReference; lastKnownFileType = text.plist.xml; path = Info.plist; sourceTree = "<group>"; };
		FAC17B471F3F49AB00D4D29B /* NetworkManager.swift */ = {isa = PBXFileReference; fileEncoding = 4; lastKnownFileType = sourcecode.swift; path = NetworkManager.swift; sourceTree = "<group>"; };
		FAC17B491F3F54CB00D4D29B /* GetBrandsResponseModel.swift */ = {isa = PBXFileReference; fileEncoding = 4; lastKnownFileType = sourcecode.swift; path = GetBrandsResponseModel.swift; sourceTree = "<group>"; };
		FAC17B4B1F3F54E200D4D29B /* BrandModel.swift */ = {isa = PBXFileReference; fileEncoding = 4; lastKnownFileType = sourcecode.swift; path = BrandModel.swift; sourceTree = "<group>"; };
		FAC17B511F3FAE2000D4D29B /* BrandsTableViewCell.swift */ = {isa = PBXFileReference; fileEncoding = 4; lastKnownFileType = sourcecode.swift; path = BrandsTableViewCell.swift; sourceTree = "<group>"; };
		FAC17B521F3FAE2000D4D29B /* BrandsTableViewCell.xib */ = {isa = PBXFileReference; fileEncoding = 4; lastKnownFileType = file.xib; path = BrandsTableViewCell.xib; sourceTree = "<group>"; };
		FAC17B551F3FAE3C00D4D29B /* BrandsViewController.swift */ = {isa = PBXFileReference; fileEncoding = 4; lastKnownFileType = sourcecode.swift; path = BrandsViewController.swift; sourceTree = "<group>"; };
/* End PBXFileReference section */

/* Begin PBXFrameworksBuildPhase section */
		FA62844C1F3F429E00A2964C /* Frameworks */ = {
			isa = PBXFrameworksBuildPhase;
			buildActionMask = 2147483647;
			files = (
				D2401C23F3750BD30F3E6559 /* Pods_DopaAppTask.framework in Frameworks */,
			);
			runOnlyForDeploymentPostprocessing = 0;
		};
/* End PBXFrameworksBuildPhase section */

/* Begin PBXGroup section */
		0C4863C0309EECC77FA655FA /* Frameworks */ = {
			isa = PBXGroup;
			children = (
				D84525FAEFA8A9B1EA0833A4 /* Pods_DopaAppTask.framework */,
			);
			name = Frameworks;
			sourceTree = "<group>";
		};
		93FEABA1F5DEE80B2D39DC5A /* Pods */ = {
			isa = PBXGroup;
			children = (
				AAFEC7BF9D38025964283667 /* Pods-DopaAppTask.debug.xcconfig */,
				6EFEB608E8B11E11767F2DAC /* Pods-DopaAppTask.release.xcconfig */,
			);
			name = Pods;
			sourceTree = "<group>";
		};
		FA6284461F3F429E00A2964C = {
			isa = PBXGroup;
			children = (
				FA6284511F3F429E00A2964C /* DopaAppTask */,
				FA6284501F3F429E00A2964C /* Products */,
				93FEABA1F5DEE80B2D39DC5A /* Pods */,
				0C4863C0309EECC77FA655FA /* Frameworks */,
			);
			sourceTree = "<group>";
		};
		FA6284501F3F429E00A2964C /* Products */ = {
			isa = PBXGroup;
			children = (
				FA62844F1F3F429E00A2964C /* DopaAppTask.app */,
			);
			name = Products;
			sourceTree = "<group>";
		};
		FA6284511F3F429E00A2964C /* DopaAppTask */ = {
			isa = PBXGroup;
			children = (
				FAC17B461F3F46CE00D4D29B /* Models */,
				FAC17B431F3F465300D4D29B /* Managers */,
				FAC17B4F1F3FADE300D4D29B /* CustomViews */,
				FAC17B451F3F465300D4D29B /* ViewControllers */,
				FA6284521F3F429E00A2964C /* AppDelegate.swift */,
				FA6284561F3F429E00A2964C /* Main.storyboard */,
				FA6284591F3F429E00A2964C /* Assets.xcassets */,
				FA62845B1F3F429E00A2964C /* LaunchScreen.storyboard */,
				FA62845E1F3F429E00A2964C /* Info.plist */,
			);
			path = DopaAppTask;
			sourceTree = "<group>";
		};
		FAC17B431F3F465300D4D29B /* Managers */ = {
			isa = PBXGroup;
			children = (
				FAC17B471F3F49AB00D4D29B /* NetworkManager.swift */,
			);
			path = Managers;
			sourceTree = "<group>";
		};
		FAC17B451F3F465300D4D29B /* ViewControllers */ = {
			isa = PBXGroup;
			children = (
				FAC17B551F3FAE3C00D4D29B /* BrandsViewController.swift */,
			);
			path = ViewControllers;
			sourceTree = "<group>";
		};
		FAC17B461F3F46CE00D4D29B /* Models */ = {
			isa = PBXGroup;
			children = (
				FAC17B491F3F54CB00D4D29B /* GetBrandsResponseModel.swift */,
				FAC17B4B1F3F54E200D4D29B /* BrandModel.swift */,
			);
			path = Models;
			sourceTree = "<group>";
		};
		FAC17B4F1F3FADE300D4D29B /* CustomViews */ = {
			isa = PBXGroup;
			children = (
				FAC17B501F3FADF500D4D29B /* CustomCells */,
			);
			path = CustomViews;
			sourceTree = "<group>";
		};
		FAC17B501F3FADF500D4D29B /* CustomCells */ = {
			isa = PBXGroup;
			children = (
				FAC17B511F3FAE2000D4D29B /* BrandsTableViewCell.swift */,
				FAC17B521F3FAE2000D4D29B /* BrandsTableViewCell.xib */,
			);
			path = CustomCells;
			sourceTree = "<group>";
		};
/* End PBXGroup section */

/* Begin PBXNativeTarget section */
		FA62844E1F3F429E00A2964C /* DopaAppTask */ = {
			isa = PBXNativeTarget;
			buildConfigurationList = FA6284611F3F429E00A2964C /* Build configuration list for PBXNativeTarget "DopaAppTask" */;
			buildPhases = (
				606A418862382CA85E7D1C78 /* [CP] Check Pods Manifest.lock */,
				FA62844B1F3F429E00A2964C /* Sources */,
				FA62844C1F3F429E00A2964C /* Frameworks */,
				FA62844D1F3F429E00A2964C /* Resources */,
				2E9A619A89402F2EB634885C /* [CP] Embed Pods Frameworks */,
				7188070EE2C3E489BCF47467 /* [CP] Copy Pods Resources */,
			);
			buildRules = (
			);
			dependencies = (
			);
			name = DopaAppTask;
			productName = DopaAppTask;
			productReference = FA62844F1F3F429E00A2964C /* DopaAppTask.app */;
			productType = "com.apple.product-type.application";
		};
/* End PBXNativeTarget section */

/* Begin PBXProject section */
		FA6284471F3F429E00A2964C /* Project object */ = {
			isa = PBXProject;
			attributes = {
				LastSwiftUpdateCheck = 0820;
				LastUpgradeCheck = 0820;
				ORGANIZATIONNAME = "Mostafa Elbutch";
				TargetAttributes = {
					FA62844E1F3F429E00A2964C = {
						CreatedOnToolsVersion = 8.2.1;
						ProvisioningStyle = Automatic;
					};
				};
			};
			buildConfigurationList = FA62844A1F3F429E00A2964C /* Build configuration list for PBXProject "DopaAppTask" */;
			compatibilityVersion = "Xcode 3.2";
			developmentRegion = English;
			hasScannedForEncodings = 0;
			knownRegions = (
				en,
				Base,
			);
			mainGroup = FA6284461F3F429E00A2964C;
			productRefGroup = FA6284501F3F429E00A2964C /* Products */;
			projectDirPath = "";
			projectRoot = "";
			targets = (
				FA62844E1F3F429E00A2964C /* DopaAppTask */,
			);
		};
/* End PBXProject section */

/* Begin PBXResourcesBuildPhase section */
		FA62844D1F3F429E00A2964C /* Resources */ = {
			isa = PBXResourcesBuildPhase;
			buildActionMask = 2147483647;
			files = (
				FA62845D1F3F429E00A2964C /* LaunchScreen.storyboard in Resources */,
				FAC17B541F3FAE2000D4D29B /* BrandsTableViewCell.xib in Resources */,
				FA62845A1F3F429E00A2964C /* Assets.xcassets in Resources */,
				FA6284581F3F429E00A2964C /* Main.storyboard in Resources */,
			);
			runOnlyForDeploymentPostprocessing = 0;
		};
/* End PBXResourcesBuildPhase section */

/* Begin PBXShellScriptBuildPhase section */
		2E9A619A89402F2EB634885C /* [CP] Embed Pods Frameworks */ = {
			isa = PBXShellScriptBuildPhase;
			buildActionMask = 2147483647;
			files = (
			);
			inputPaths = (
			);
			name = "[CP] Embed Pods Frameworks";
			outputPaths = (
			);
			runOnlyForDeploymentPostprocessing = 0;
			shellPath = /bin/sh;
			shellScript = "\"${SRCROOT}/Pods/Target Support Files/Pods-DopaAppTask/Pods-DopaAppTask-frameworks.sh\"\n";
			showEnvVarsInLog = 0;
		};
		606A418862382CA85E7D1C78 /* [CP] Check Pods Manifest.lock */ = {
			isa = PBXShellScriptBuildPhase;
			buildActionMask = 2147483647;
			files = (
			);
			inputPaths = (
			);
			name = "[CP] Check Pods Manifest.lock";
			outputPaths = (
			);
			runOnlyForDeploymentPostprocessing = 0;
			shellPath = /bin/sh;
			shellScript = "diff \"${PODS_PODFILE_DIR_PATH}/Podfile.lock\" \"${PODS_ROOT}/Manifest.lock\" > /dev/null\nif [ $? != 0 ] ; then\n    # print error to STDERR\n    echo \"error: The sandbox is not in sync with the Podfile.lock. Run 'pod install' or update your CocoaPods installation.\" >&2\n    exit 1\nfi\n";
			showEnvVarsInLog = 0;
		};
		7188070EE2C3E489BCF47467 /* [CP] Copy Pods Resources */ = {
			isa = PBXShellScriptBuildPhase;
			buildActionMask = 2147483647;
			files = (
			);
			inputPaths = (
			);
			name = "[CP] Copy Pods Resources";
			outputPaths = (
			);
			runOnlyForDeploymentPostprocessing = 0;
			shellPath = /bin/sh;
			shellScript = "\"${SRCROOT}/Pods/Target Support Files/Pods-DopaAppTask/Pods-DopaAppTask-resources.sh\"\n";
			showEnvVarsInLog = 0;
		};
/* End PBXShellScriptBuildPhase section */

/* Begin PBXSourcesBuildPhase section */
		FA62844B1F3F429E00A2964C /* Sources */ = {
			isa = PBXSourcesBuildPhase;
			buildActionMask = 2147483647;
			files = (
				FAC17B481F3F49AB00D4D29B /* NetworkManager.swift in Sources */,
				FAC17B531F3FAE2000D4D29B /* BrandsTableViewCell.swift in Sources */,
				FAC17B4A1F3F54CB00D4D29B /* GetBrandsResponseModel.swift in Sources */,
				FA6284531F3F429E00A2964C /* AppDelegate.swift in Sources */,
				FAC17B561F3FAE3C00D4D29B /* BrandsViewController.swift in Sources */,
				FAC17B4C1F3F54E200D4D29B /* BrandModel.swift in Sources */,
			);
			runOnlyForDeploymentPostprocessing = 0;
		};
/* End PBXSourcesBuildPhase section */

/* Begin PBXVariantGroup section */
		FA6284561F3F429E00A2964C /* Main.storyboard */ = {
			isa = PBXVariantGroup;
			children = (
				FA6284571F3F429E00A2964C /* Base */,
			);
			name = Main.storyboard;
			sourceTree = "<group>";
		};
		FA62845B1F3F429E00A2964C /* LaunchScreen.storyboard */ = {
			isa = PBXVariantGroup;
			children = (
				FA62845C1F3F429E00A2964C /* Base */,
			);
			name = LaunchScreen.storyboard;
			sourceTree = "<group>";
		};
/* End PBXVariantGroup section */

/* Begin XCBuildConfiguration section */
		FA62845F1F3F429E00A2964C /* Debug */ = {
			isa = XCBuildConfiguration;
			buildSettings = {
				ALWAYS_SEARCH_USER_PATHS = NO;
				CLANG_ANALYZER_NONNULL = YES;
				CLANG_CXX_LANGUAGE_STANDARD = "gnu++0x";
				CLANG_CXX_LIBRARY = "libc++";
				CLANG_ENABLE_MODULES = YES;
				CLANG_ENABLE_OBJC_ARC = YES;
				CLANG_WARN_BOOL_CONVERSION = YES;
				CLANG_WARN_CONSTANT_CONVERSION = YES;
				CLANG_WARN_DIRECT_OBJC_ISA_USAGE = YES_ERROR;
				CLANG_WARN_DOCUMENTATION_COMMENTS = YES;
				CLANG_WARN_EMPTY_BODY = YES;
				CLANG_WARN_ENUM_CONVERSION = YES;
				CLANG_WARN_INFINITE_RECURSION = YES;
				CLANG_WARN_INT_CONVERSION = YES;
				CLANG_WARN_OBJC_ROOT_CLASS = YES_ERROR;
				CLANG_WARN_SUSPICIOUS_MOVE = YES;
				CLANG_WARN_UNREACHABLE_CODE = YES;
				CLANG_WARN__DUPLICATE_METHOD_MATCH = YES;
				"CODE_SIGN_IDENTITY[sdk=iphoneos*]" = "iPhone Developer";
				COPY_PHASE_STRIP = NO;
				DEBUG_INFORMATION_FORMAT = dwarf;
				ENABLE_STRICT_OBJC_MSGSEND = YES;
				ENABLE_TESTABILITY = YES;
				GCC_C_LANGUAGE_STANDARD = gnu99;
				GCC_DYNAMIC_NO_PIC = NO;
				GCC_NO_COMMON_BLOCKS = YES;
				GCC_OPTIMIZATION_LEVEL = 0;
				GCC_PREPROCESSOR_DEFINITIONS = (
					"DEBUG=1",
					"$(inherited)",
				);
				GCC_WARN_64_TO_32_BIT_CONVERSION = YES;
				GCC_WARN_ABOUT_RETURN_TYPE = YES_ERROR;
				GCC_WARN_UNDECLARED_SELECTOR = YES;
				GCC_WARN_UNINITIALIZED_AUTOS = YES_AGGRESSIVE;
				GCC_WARN_UNUSED_FUNCTION = YES;
				GCC_WARN_UNUSED_VARIABLE = YES;
				IPHONEOS_DEPLOYMENT_TARGET = 10.2;
				MTL_ENABLE_DEBUG_INFO = YES;
				ONLY_ACTIVE_ARCH = YES;
				SDKROOT = iphoneos;
				SWIFT_ACTIVE_COMPILATION_CONDITIONS = DEBUG;
				SWIFT_OPTIMIZATION_LEVEL = "-Onone";
				TARGETED_DEVICE_FAMILY = "1,2";
			};
			name = Debug;
		};
		FA6284601F3F429E00A2964C /* Release */ = {
			isa = XCBuildConfiguration;
			buildSettings = {
				ALWAYS_SEARCH_USER_PATHS = NO;
				CLANG_ANALYZER_NONNULL = YES;
				CLANG_CXX_LANGUAGE_STANDARD = "gnu++0x";
				CLANG_CXX_LIBRARY = "libc++";
				CLANG_ENABLE_MODULES = YES;
				CLANG_ENABLE_OBJC_ARC = YES;
				CLANG_WARN_BOOL_CONVERSION = YES;
				CLANG_WARN_CONSTANT_CONVERSION = YES;
				CLANG_WARN_DIRECT_OBJC_ISA_USAGE = YES_ERROR;
				CLANG_WARN_DOCUMENTATION_COMMENTS = YES;
				CLANG_WARN_EMPTY_BODY = YES;
				CLANG_WARN_ENUM_CONVERSION = YES;
				CLANG_WARN_INFINITE_RECURSION = YES;
				CLANG_WARN_INT_CONVERSION = YES;
				CLANG_WARN_OBJC_ROOT_CLASS = YES_ERROR;
				CLANG_WARN_SUSPICIOUS_MOVE = YES;
				CLANG_WARN_UNREACHABLE_CODE = YES;
				CLANG_WARN__DUPLICATE_METHOD_MATCH = YES;
				"CODE_SIGN_IDENTITY[sdk=iphoneos*]" = "iPhone Developer";
				COPY_PHASE_STRIP = NO;
				DEBUG_INFORMATION_FORMAT = "dwarf-with-dsym";
				ENABLE_NS_ASSERTIONS = NO;
				ENABLE_STRICT_OBJC_MSGSEND = YES;
				GCC_C_LANGUAGE_STANDARD = gnu99;
				GCC_NO_COMMON_BLOCKS = YES;
				GCC_WARN_64_TO_32_BIT_CONVERSION = YES;
				GCC_WARN_ABOUT_RETURN_TYPE = YES_ERROR;
				GCC_WARN_UNDECLARED_SELECTOR = YES;
				GCC_WARN_UNINITIALIZED_AUTOS = YES_AGGRESSIVE;
				GCC_WARN_UNUSED_FUNCTION = YES;
				GCC_WARN_UNUSED_VARIABLE = YES;
				IPHONEOS_DEPLOYMENT_TARGET = 10.2;
				MTL_ENABLE_DEBUG_INFO = NO;
				SDKROOT = iphoneos;
				SWIFT_OPTIMIZATION_LEVEL = "-Owholemodule";
				TARGETED_DEVICE_FAMILY = "1,2";
				VALIDATE_PRODUCT = YES;
			};
			name = Release;
		};
		FA6284621F3F429E00A2964C /* Debug */ = {
			isa = XCBuildConfiguration;
			baseConfigurationReference = AAFEC7BF9D38025964283667 /* Pods-DopaAppTask.debug.xcconfig */;
			buildSettings = {
				ASSETCATALOG_COMPILER_APPICON_NAME = AppIcon;
				INFOPLIST_FILE = DopaAppTask/Info.plist;
				LD_RUNPATH_SEARCH_PATHS = "$(inherited) @executable_path/Frameworks";
				PRODUCT_BUNDLE_IDENTIFIER = com.mostafa.DopaAppTask;
				PRODUCT_NAME = "$(TARGET_NAME)";
				SWIFT_VERSION = 3.0;
			};
			name = Debug;
		};
		FA6284631F3F429E00A2964C /* Release */ = {
			isa = XCBuildConfiguration;
			baseConfigurationReference = 6EFEB608E8B11E11767F2DAC /* Pods-DopaAppTask.release.xcconfig */;
			buildSettings = {
				ASSETCATALOG_COMPILER_APPICON_NAME = AppIcon;
				INFOPLIST_FILE = DopaAppTask/Info.plist;
				LD_RUNPATH_SEARCH_PATHS = "$(inherited) @executable_path/Frameworks";
				PRODUCT_BUNDLE_IDENTIFIER = com.mostafa.DopaAppTask;
				PRODUCT_NAME = "$(TARGET_NAME)";
				SWIFT_VERSION = 3.0;
			};
			name = Release;
		};
/* End XCBuildConfiguration section */

/* Begin XCConfigurationList section */
		FA62844A1F3F429E00A2964C /* Build configuration list for PBXProject "DopaAppTask" */ = {
			isa = XCConfigurationList;
			buildConfigurations = (
				FA62845F1F3F429E00A2964C /* Debug */,
				FA6284601F3F429E00A2964C /* Release */,
			);
			defaultConfigurationIsVisible = 0;
			defaultConfigurationName = Release;
		};
		FA6284611F3F429E00A2964C /* Build configuration list for PBXNativeTarget "DopaAppTask" */ = {
			isa = XCConfigurationList;
			buildConfigurations = (
				FA6284621F3F429E00A2964C /* Debug */,
				FA6284631F3F429E00A2964C /* Release */,
			);
			defaultConfigurationIsVisible = 0;
			defaultConfigurationName = Release;
		};
/* End XCConfigurationList section */
	};
	rootObject = FA6284471F3F429E00A2964C /* Project object */;
}
